
Microsoft Visual Studio Solution File, Format Version 11.00
# Visual Studio 2010
Project("{FAE04EC0-301F-11D3-BF4B-00C04F79EFBC}") = "AR_Samsat", "Assembly-CSharp.csproj", "{BD393CA5-19E5-AD0C-FB4F-A4930B878266}"
EndProject
Project("{FAE04EC0-301F-11D3-BF4B-00C04F79EFBC}") = "AR_Samsat", "Assembly-CSharp-Editor.csproj", "{B653169E-02B1-8925-1A98-F6C07D496C89}"
EndProject
Global
	GlobalSection(SolutionConfigurationPlatforms) = preSolution
		Debug|Any CPU = Debug|Any CPU
		Release|Any CPU = Release|Any CPU
	EndGlobalSection
	GlobalSection(ProjectConfigurationPlatforms) = postSolution
		{BD393CA5-19E5-AD0C-FB4F-A4930B878266}.Debug|Any CPU.ActiveCfg = Debug|Any CPU
		{BD393CA5-19E5-AD0C-FB4F-A4930B878266}.Debug|Any CPU.Build.0 = Debug|Any CPU
		{BD393CA5-19E5-AD0C-FB4F-A4930B878266}.Release|Any CPU.ActiveCfg = Release|Any CPU
		{BD393CA5-19E5-AD0C-FB4F-A4930B878266}.Release|Any CPU.Build.0 = Release|Any CPU
		{B653169E-02B1-8925-1A98-F6C07D496C89}.Debug|Any CPU.ActiveCfg = Debug|Any CPU
		{B653169E-02B1-8925-1A98-F6C07D496C89}.Debug|Any CPU.Build.0 = Debug|Any CPU
		{B653169E-02B1-8925-1A98-F6C07D496C89}.Release|Any CPU.ActiveCfg = Release|Any CPU
		{B653169E-02B1-8925-1A98-F6C07D496C89}.Release|Any CPU.Build.0 = Release|Any CPU
	EndGlobalSection
	GlobalSection(SolutionProperties) = preSolution
		HideSolutionNode = FALSE
	EndGlobalSection
	GlobalSection(MonoDevelopProperties) = preSolution
		StartupItem = Assembly-CSharp.csproj
	EndGlobalSection
EndGlobal
